// !$*UTF8*$!
{
	archiveVersion = 1;
	classes = {
	};
	objectVersion = 50;
	objects = {

/* Begin PBXBuildFile section */
		22ED520524AE1BC70035C5C5 /* Assets.xcassets in Resources */ = {isa = PBXBuildFile; fileRef = 22ED520424AE1BC70035C5C5 /* Assets.xcassets */; };
		22ED521324AE1CF60035C5C5 /* Main.cpp in Sources */ = {isa = PBXBuildFile; fileRef = 22ED521224AE1CF60035C5C5 /* Main.cpp */; };
		53B69C60EE630E14A674B748 /* Pods_OpenGLHelloWord.framework in Frameworks */ = {isa = PBXBuildFile; fileRef = 9E4C98B32F3AEA7AB6BB8F75 /* Pods_OpenGLHelloWord.framework */; };
/* End PBXBuildFile section */

/* Begin PBXFileReference section */
		22ED51FB24AE1BC50035C5C5 /* OpenGLHelloWord.app */ = {isa = PBXFileReference; explicitFileType = wrapper.application; includeInIndex = 0; path = OpenGLHelloWord.app; sourceTree = BUILT_PRODUCTS_DIR; };
		22ED520424AE1BC70035C5C5 /* Assets.xcassets */ = {isa = PBXFileReference; lastKnownFileType = folder.assetcatalog; path = Assets.xcassets; sourceTree = "<group>"; };
		22ED520924AE1BC70035C5C5 /* Info.plist */ = {isa = PBXFileReference; lastKnownFileType = text.plist.xml; path = Info.plist; sourceTree = "<group>"; };
		22ED520C24AE1BC70035C5C5 /* OpenGLHelloWord.entitlements */ = {isa = PBXFileReference; lastKnownFileType = text.plist.entitlements; path = OpenGLHelloWord.entitlements; sourceTree = "<group>"; };
		22ED521224AE1CF60035C5C5 /* Main.cpp */ = {isa = PBXFileReference; lastKnownFileType = sourcecode.cpp.cpp; path = Main.cpp; sourceTree = "<group>"; };
		6A5F0E2F025D3CA2F478D1F4 /* Pods-OpenGLHelloWord.release.xcconfig */ = {isa = PBXFileReference; includeInIndex = 1; lastKnownFileType = text.xcconfig; name = "Pods-OpenGLHelloWord.release.xcconfig"; path = "Target Support Files/Pods-OpenGLHelloWord/Pods-OpenGLHelloWord.release.xcconfig"; sourceTree = "<group>"; };
		9E4C98B32F3AEA7AB6BB8F75 /* Pods_OpenGLHelloWord.framework */ = {isa = PBXFileReference; explicitFileType = wrapper.framework; includeInIndex = 0; path = Pods_OpenGLHelloWord.framework; sourceTree = BUILT_PRODUCTS_DIR; };
		BFA1577F80D5680086E2DCB3 /* Pods-OpenGLHelloWord.debug.xcconfig */ = {isa = PBXFileReference; includeInIndex = 1; lastKnownFileType = text.xcconfig; name = "Pods-OpenGLHelloWord.debug.xcconfig"; path = "Target Support Files/Pods-OpenGLHelloWord/Pods-OpenGLHelloWord.debug.xcconfig"; sourceTree = "<group>"; };
/* End PBXFileReference section */

/* Begin PBXFrameworksBuildPhase section */
		22ED51F824AE1BC50035C5C5 /* Frameworks */ = {
			isa = PBXFrameworksBuildPhase;
			buildActionMask = 2147483647;
			files = (
				53B69C60EE630E14A674B748 /* Pods_OpenGLHelloWord.framework in Frameworks */,
			);
			runOnlyForDeploymentPostprocessing = 0;
		};
/* End PBXFrameworksBuildPhase section */

/* Begin PBXGroup section */
		213AE176C59147E6051BD5A6 /* Frameworks */ = {
			isa = PBXGroup;
			children = (
				9E4C98B32F3AEA7AB6BB8F75 /* Pods_OpenGLHelloWord.framework */,
			);
			name = Frameworks;
			sourceTree = "<group>";
		};
		22ED51F224AE1BC50035C5C5 = {
			isa = PBXGroup;
			children = (
				22ED51FD24AE1BC50035C5C5 /* OpenGLHelloWord */,
				22ED51FC24AE1BC50035C5C5 /* Products */,
				3D83C1195924C7D07C57DB25 /* Pods */,
				213AE176C59147E6051BD5A6 /* Frameworks */,
			);
			sourceTree = "<group>";
		};
		22ED51FC24AE1BC50035C5C5 /* Products */ = {
			isa = PBXGroup;
			children = (
				22ED51FB24AE1BC50035C5C5 /* OpenGLHelloWord.app */,
			);
			name = Products;
			sourceTree = "<group>";
		};
		22ED51FD24AE1BC50035C5C5 /* OpenGLHelloWord */ = {
			isa = PBXGroup;
			children = (
				22ED520424AE1BC70035C5C5 /* Assets.xcassets */,
				22ED521224AE1CF60035C5C5 /* Main.cpp */,
				22ED520924AE1BC70035C5C5 /* Info.plist */,
				22ED520C24AE1BC70035C5C5 /* OpenGLHelloWord.entitlements */,
			);
			path = OpenGLHelloWord;
			sourceTree = "<group>";
		};
		3D83C1195924C7D07C57DB25 /* Pods */ = {
			isa = PBXGroup;
			children = (
				BFA1577F80D5680086E2DCB3 /* Pods-OpenGLHelloWord.debug.xcconfig */,
				6A5F0E2F025D3CA2F478D1F4 /* Pods-OpenGLHelloWord.release.xcconfig */,
			);
			path = Pods;
			sourceTree = "<group>";
		};
/* End PBXGroup section */

/* Begin PBXNativeTarget section */
		22ED51FA24AE1BC50035C5C5 /* OpenGLHelloWord */ = {
			isa = PBXNativeTarget;
			buildConfigurationList = 22ED520F24AE1BC70035C5C5 /* Build configuration list for PBXNativeTarget "OpenGLHelloWord" */;
			buildPhases = (
				BEE1CAAA73AD7E0CD6B302D0 /* [CP] Check Pods Manifest.lock */,
				22ED51F724AE1BC50035C5C5 /* Sources */,
				22ED51F824AE1BC50035C5C5 /* Frameworks */,
				22ED51F924AE1BC50035C5C5 /* Resources */,
			);
			buildRules = (
			);
			dependencies = (
			);
			name = OpenGLHelloWord;
			productName = OpenGLHelloWord;
			productReference = 22ED51FB24AE1BC50035C5C5 /* OpenGLHelloWord.app */;
			productType = "com.apple.product-type.application";
		};
/* End PBXNativeTarget section */

/* Begin PBXProject section */
		22ED51F324AE1BC50035C5C5 /* Project object */ = {
			isa = PBXProject;
			attributes = {
				LastUpgradeCheck = 1150;
				ORGANIZATIONNAME = "Charles Mac Pro";
				TargetAttributes = {
					22ED51FA24AE1BC50035C5C5 = {
						CreatedOnToolsVersion = 11.5;
					};
				};
			};
			buildConfigurationList = 22ED51F624AE1BC50035C5C5 /* Build configuration list for PBXProject "OpenGLHelloWord" */;
			compatibilityVersion = "Xcode 9.3";
			developmentRegion = en;
			hasScannedForEncodings = 0;
			knownRegions = (
				en,
				Base,
			);
			mainGroup = 22ED51F224AE1BC50035C5C5;
			productRefGroup = 22ED51FC24AE1BC50035C5C5 /* Products */;
			projectDirPath = "";
			projectRoot = "";
			targets = (
				22ED51FA24AE1BC50035C5C5 /* OpenGLHelloWord */,
			);
		};
/* End PBXProject section */

/* Begin PBXResourcesBuildPhase section */
		22ED51F924AE1BC50035C5C5 /* Resources */ = {
			isa = PBXResourcesBuildPhase;
			buildActionMask = 2147483647;
			files = (
				22ED520524AE1BC70035C5C5 /* Assets.xcassets in Resources */,
			);
			runOnlyForDeploymentPostprocessing = 0;
		};
/* End PBXResourcesBuildPhase section */

/* Begin PBXShellScriptBuildPhase section */
		BEE1CAAA73AD7E0CD6B302D0 /* [CP] Check Pods Manifest.lock */ = {
			isa = PBXShellScriptBuildPhase;
			buildActionMask = 2147483647;
			files = (
			);
			inputFileListPaths = (
			);
			inputPaths = (
				"${PODS_PODFILE_DIR_PATH}/Podfile.lock",
				"${PODS_ROOT}/Manifest.lock",
			);
			name = "[CP] Check Pods Manifest.lock";
			outputFileListPaths = (
			);
			outputPaths = (
				"$(DERIVED_FILE_DIR)/Pods-OpenGLHelloWord-checkManifestLockResult.txt",
			);
			runOnlyForDeploymentPostprocessing = 0;
			shellPath = /bin/sh;
			shellScript = "diff \"${PODS_PODFILE_DIR_PATH}/Podfile.lock\" \"${PODS_ROOT}/Manifest.lock\" > /dev/null\nif [ $? != 0 ] ; then\n    # print error to STDERR\n    echo \"error: The sandbox is not in sync with the Podfile.lock. Run 'pod install' or update your CocoaPods installation.\" >&2\n    exit 1\nfi\n# This output is used by Xcode 'outputs' to avoid re-running this script phase.\necho \"SUCCESS\" > \"${SCRIPT_OUTPUT_FILE_0}\"\n";
			showEnvVarsInLog = 0;
		};
/* End PBXShellScriptBuildPhase section */

/* Begin PBXSourcesBuildPhase section */
		22ED51F724AE1BC50035C5C5 /* Sources */ = {
			isa = PBXSourcesBuildPhase;
			buildActionMask = 2147483647;
			files = (
				22ED521324AE1CF60035C5C5 /* Main.cpp in Sources */,
			);
			runOnlyForDeploymentPostprocessing = 0;
		};
/* End PBXSourcesBuildPhase section */

/* Begin XCBuildConfiguration section */
		22ED520D24AE1BC70035C5C5 /* Debug */ = {
			isa = XCBuildConfiguration;
			buildSettings = {
				ALWAYS_SEARCH_USER_PATHS = NO;
				CLANG_ANALYZER_NONNULL = YES;
				CLANG_ANALYZER_NUMBER_OBJECT_CONVERSION = YES_AGGRESSIVE;
				CLANG_CXX_LANGUAGE_STANDARD = "gnu++14";
				CLANG_CXX_LIBRARY = "libc++";
				CLANG_ENABLE_MODULES = YES;
				CLANG_ENABLE_OBJC_ARC = YES;
				CLANG_ENABLE_OBJC_WEAK = YES;
				CLANG_WARN_BLOCK_CAPTURE_AUTORELEASING = YES;
				CLANG_WARN_BOOL_CONVERSION = YES;
				CLANG_WARN_COMMA = YES;
				CLANG_WARN_CONSTANT_CONVERSION = YES;
				CLANG_WARN_DEPRECATED_OBJC_IMPLEMENTATIONS = YES;
				CLANG_WARN_DIRECT_OBJC_ISA_USAGE = YES_ERROR;
				CLANG_WARN_DOCUMENTATION_COMMENTS = YES;
				CLANG_WARN_EMPTY_BODY = YES;
				CLANG_WARN_ENUM_CONVERSION = YES;
				CLANG_WARN_INFINITE_RECURSION = YES;
				CLANG_WARN_INT_CONVERSION = YES;
				CLANG_WARN_NON_LITERAL_NULL_CONVERSION = YES;
				CLANG_WARN_OBJC_IMPLICIT_RETAIN_SELF = YES;
				CLANG_WARN_OBJC_LITERAL_CONVERSION = YES;
				CLANG_WARN_OBJC_ROOT_CLASS = YES_ERROR;
				CLANG_WARN_RANGE_LOOP_ANALYSIS = YES;
				CLANG_WARN_STRICT_PROTOTYPES = YES;
				CLANG_WARN_SUSPICIOUS_MOVE = YES;
				CLANG_WARN_UNGUARDED_AVAILABILITY = YES_AGGRESSIVE;
				CLANG_WARN_UNREACHABLE_CODE = YES;
				CLANG_WARN__DUPLICATE_METHOD_MATCH = YES;
				COPY_PHASE_STRIP = NO;
				DEBUG_INFORMATION_FORMAT = dwarf;
				ENABLE_STRICT_OBJC_MSGSEND = YES;
				ENABLE_TESTABILITY = YES;
				GCC_C_LANGUAGE_STANDARD = gnu11;
				GCC_DYNAMIC_NO_PIC = NO;
				GCC_NO_COMMON_BLOCKS = YES;
				GCC_OPTIMIZATION_LEVEL = 0;
				GCC_PREPROCESSOR_DEFINITIONS = (
					"DEBUG=1",
					"$(inherited)",
				);
				GCC_WARN_64_TO_32_BIT_CONVERSION = YES;
				GCC_WARN_ABOUT_RETURN_TYPE = YES_ERROR;
				GCC_WARN_UNDECLARED_SELECTOR = YES;
				GCC_WARN_UNINITIALIZED_AUTOS = YES_AGGRESSIVE;
				GCC_WARN_UNUSED_FUNCTION = YES;
				GCC_WARN_UNUSED_VARIABLE = YES;
				MACOSX_DEPLOYMENT_TARGET = 10.15;
				MTL_ENABLE_DEBUG_INFO = INCLUDE_SOURCE;
				MTL_FAST_MATH = YES;
				ONLY_ACTIVE_ARCH = YES;
				SDKROOT = macosx;
			};
			name = Debug;
		};
		22ED520E24AE1BC70035C5C5 /* Release */ = {
			isa = XCBuildConfiguration;
			buildSettings = {
				ALWAYS_SEARCH_USER_PATHS = NO;
				CLANG_ANALYZER_NONNULL = YES;
				CLANG_ANALYZER_NUMBER_OBJECT_CONVERSION = YES_AGGRESSIVE;
				CLANG_CXX_LANGUAGE_STANDARD = "gnu++14";
				CLANG_CXX_LIBRARY = "libc++";
				CLANG_ENABLE_MODULES = YES;
				CLANG_ENABLE_OBJC_ARC = YES;
				CLANG_ENABLE_OBJC_WEAK = YES;
				CLANG_WARN_BLOCK_CAPTURE_AUTORELEASING = YES;
				CLANG_WARN_BOOL_CONVERSION = YES;
				CLANG_WARN_COMMA = YES;
				CLANG_WARN_CONSTANT_CONVERSION = YES;
				CLANG_WARN_DEPRECATED_OBJC_IMPLEMENTATIONS = YES;
				CLANG_WARN_DIRECT_OBJC_ISA_USAGE = YES_ERROR;
				CLANG_WARN_DOCUMENTATION_COMMENTS = YES;
				CLANG_WARN_EMPTY_BODY = YES;
				CLANG_WARN_ENUM_CONVERSION = YES;
				CLANG_WARN_INFINITE_RECURSION = YES;
				CLANG_WARN_INT_CONVERSION = YES;
				CLANG_WARN_NON_LITERAL_NULL_CONVERSION = YES;
				CLANG_WARN_OBJC_IMPLICIT_RETAIN_SELF = YES;
				CLANG_WARN_OBJC_LITERAL_CONVERSION = YES;
				CLANG_WARN_OBJC_ROOT_CLASS = YES_ERROR;
				CLANG_WARN_RANGE_LOOP_ANALYSIS = YES;
				CLANG_WARN_STRICT_PROTOTYPES = YES;
				CLANG_WARN_SUSPICIOUS_MOVE = YES;
				CLANG_WARN_UNGUARDED_AVAILABILITY = YES_AGGRESSIVE;
				CLANG_WARN_UNREACHABLE_CODE = YES;
				CLANG_WARN__DUPLICATE_METHOD_MATCH = YES;
				COPY_PHASE_STRIP = NO;
				DEBUG_INFORMATION_FORMAT = "dwarf-with-dsym";
				ENABLE_NS_ASSERTIONS = NO;
				ENABLE_STRICT_OBJC_MSGSEND = YES;
				GCC_C_LANGUAGE_STANDARD = gnu11;
				GCC_NO_COMMON_BLOCKS = YES;
				GCC_WARN_64_TO_32_BIT_CONVERSION = YES;
				GCC_WARN_ABOUT_RETURN_TYPE = YES_ERROR;
				GCC_WARN_UNDECLARED_SELECTOR = YES;
				GCC_WARN_UNINITIALIZED_AUTOS = YES_AGGRESSIVE;
				GCC_WARN_UNUSED_FUNCTION = YES;
				GCC_WARN_UNUSED_VARIABLE = YES;
				MACOSX_DEPLOYMENT_TARGET = 10.15;
				MTL_ENABLE_DEBUG_INFO = NO;
				MTL_FAST_MATH = YES;
				SDKROOT = macosx;
			};
			name = Release;
		};
		22ED521024AE1BC70035C5C5 /* Debug */ = {
			isa = XCBuildConfiguration;
			baseConfigurationReference = BFA1577F80D5680086E2DCB3 /* Pods-OpenGLHelloWord.debug.xcconfig */;
			buildSettings = {
				ASSETCATALOG_COMPILER_APPICON_NAME = AppIcon;
				CODE_SIGN_ENTITLEMENTS = OpenGLHelloWord/OpenGLHelloWord.entitlements;
				CODE_SIGN_STYLE = Automatic;
				COMBINE_HIDPI_IMAGES = YES;
				DEVELOPMENT_TEAM = GURSNXXGQK;
				ENABLE_HARDENED_RUNTIME = YES;
				GCC_WARN_ABOUT_DEPRECATED_FUNCTIONS = NO;
				INFOPLIST_FILE = OpenGLHelloWord/Info.plist;
				LD_RUNPATH_SEARCH_PATHS = (
					"$(inherited)",
					"@executable_path/../Frameworks",
				);
				PRODUCT_BUNDLE_IDENTIFIER = CharlesCanpany.OpenGLHelloWord;
				PRODUCT_NAME = "$(TARGET_NAME)";
			};
			name = Debug;
		};
		22ED521124AE1BC70035C5C5 /* Release */ = {
			isa = XCBuildConfiguration;
			baseConfigurationReference = 6A5F0E2F025D3CA2F478D1F4 /* Pods-OpenGLHelloWord.release.xcconfig */;
			buildSettings = {
				ASSETCATALOG_COMPILER_APPICON_NAME = AppIcon;
				CODE_SIGN_ENTITLEMENTS = OpenGLHelloWord/OpenGLHelloWord.entitlements;
				CODE_SIGN_STYLE = Automatic;
				COMBINE_HIDPI_IMAGES = YES;
				DEVELOPMENT_TEAM = GURSNXXGQK;
				ENABLE_HARDENED_RUNTIME = YES;
				GCC_WARN_ABOUT_DEPRECATED_FUNCTIONS = NO;
				INFOPLIST_FILE = OpenGLHelloWord/Info.plist;
				LD_RUNPATH_SEARCH_PATHS = (
					"$(inherited)",
					"@executable_path/../Frameworks",
				);
				PRODUCT_BUNDLE_IDENTIFIER = CharlesCanpany.OpenGLHelloWord;
				PRODUCT_NAME = "$(TARGET_NAME)";
			};
			name = Release;
		};
/* End XCBuildConfiguration section */

/* Begin XCConfigurationList section */
		22ED51F624AE1BC50035C5C5 /* Build configuration list for PBXProject "OpenGLHelloWord" */ = {
			isa = XCConfigurationList;
			buildConfigurations = (
				22ED520D24AE1BC70035C5C5 /* Debug */,
				22ED520E24AE1BC70035C5C5 /* Release */,
			);
			defaultConfigurationIsVisible = 0;
			defaultConfigurationName = Release;
		};
		22ED520F24AE1BC70035C5C5 /* Build configuration list for PBXNativeTarget "OpenGLHelloWord" */ = {
			isa = XCConfigurationList;
			buildConfigurations = (
				22ED521024AE1BC70035C5C5 /* Debug */,
				22ED521124AE1BC70035C5C5 /* Release */,
			);
			defaultConfigurationIsVisible = 0;
			defaultConfigurationName = Release;
		};
/* End XCConfigurationList section */
	};
	rootObject = 22ED51F324AE1BC50035C5C5 /* Project object */;
}
