// !$*UTF8*$!
{
	archiveVersion = 1;
	classes = {
	};
	objectVersion = 50;
	objects = {

/* Begin PBXBuildFile section */
		22ED522724AE211F0035C5C5 /* Assets.xcassets in Resources */ = {isa = PBXBuildFile; fileRef = 22ED522624AE211F0035C5C5 /* Assets.xcassets */; };
		22ED523524AE21C60035C5C5 /* Main.cpp in Sources */ = {isa = PBXBuildFile; fileRef = 22ED523424AE21C60035C5C5 /* Main.cpp */; };
		307E9F2459A8397355A7F854 /* Pods_OpenGLHelloWorld.framework in Frameworks */ = {isa = PBXBuildFile; fileRef = D528E61E98188E00818FE546 /* Pods_OpenGLHelloWorld.framework */; };
/* End PBXBuildFile section */

/* Begin PBXFileReference section */
		22ED521D24AE211D0035C5C5 /* OpenGLHelloWorld.app */ = {isa = PBXFileReference; explicitFileType = wrapper.application; includeInIndex = 0; path = OpenGLHelloWorld.app; sourceTree = BUILT_PRODUCTS_DIR; };
		22ED522624AE211F0035C5C5 /* Assets.xcassets */ = {isa = PBXFileReference; lastKnownFileType = folder.assetcatalog; path = Assets.xcassets; sourceTree = "<group>"; };
		22ED522B24AE211F0035C5C5 /* Info.plist */ = {isa = PBXFileReference; lastKnownFileType = text.plist.xml; path = Info.plist; sourceTree = "<group>"; };
		22ED522E24AE211F0035C5C5 /* OpenGLHelloWorld.entitlements */ = {isa = PBXFileReference; lastKnownFileType = text.plist.entitlements; path = OpenGLHelloWorld.entitlements; sourceTree = "<group>"; };
		22ED523424AE21C60035C5C5 /* Main.cpp */ = {isa = PBXFileReference; lastKnownFileType = sourcecode.cpp.cpp; path = Main.cpp; sourceTree = "<group>"; };
		6AD614385B9AC9E9AAC53E08 /* Pods-OpenGLHelloWorld.debug.xcconfig */ = {isa = PBXFileReference; includeInIndex = 1; lastKnownFileType = text.xcconfig; name = "Pods-OpenGLHelloWorld.debug.xcconfig"; path = "Target Support Files/Pods-OpenGLHelloWorld/Pods-OpenGLHelloWorld.debug.xcconfig"; sourceTree = "<group>"; };
		A7FCAA45564A6FB475A11119 /* Pods-OpenGLHelloWorld.release.xcconfig */ = {isa = PBXFileReference; includeInIndex = 1; lastKnownFileType = text.xcconfig; name = "Pods-OpenGLHelloWorld.release.xcconfig"; path = "Target Support Files/Pods-OpenGLHelloWorld/Pods-OpenGLHelloWorld.release.xcconfig"; sourceTree = "<group>"; };
		D528E61E98188E00818FE546 /* Pods_OpenGLHelloWorld.framework */ = {isa = PBXFileReference; explicitFileType = wrapper.framework; includeInIndex = 0; path = Pods_OpenGLHelloWorld.framework; sourceTree = BUILT_PRODUCTS_DIR; };
/* End PBXFileReference section */

/* Begin PBXFrameworksBuildPhase section */
		22ED521A24AE211D0035C5C5 /* Frameworks */ = {
			isa = PBXFrameworksBuildPhase;
			buildActionMask = 2147483647;
			files = (
				307E9F2459A8397355A7F854 /* Pods_OpenGLHelloWorld.framework in Frameworks */,
			);
			runOnlyForDeploymentPostprocessing = 0;
		};
/* End PBXFrameworksBuildPhase section */

/* Begin PBXGroup section */
		22ED521424AE211D0035C5C5 = {
			isa = PBXGroup;
			children = (
				22ED521F24AE211D0035C5C5 /* OpenGLHelloWorld */,
				22ED521E24AE211D0035C5C5 /* Products */,
				24661436E00BB6B9DD703B87 /* Pods */,
				3BB48A5F2E8CC344C7594B0B /* Frameworks */,
			);
			sourceTree = "<group>";
		};
		22ED521E24AE211D0035C5C5 /* Products */ = {
			isa = PBXGroup;
			children = (
				22ED521D24AE211D0035C5C5 /* OpenGLHelloWorld.app */,
			);
			name = Products;
			sourceTree = "<group>";
		};
		22ED521F24AE211D0035C5C5 /* OpenGLHelloWorld */ = {
			isa = PBXGroup;
			children = (
				22ED522624AE211F0035C5C5 /* Assets.xcassets */,
				22ED523424AE21C60035C5C5 /* Main.cpp */,
				22ED522B24AE211F0035C5C5 /* Info.plist */,
				22ED522E24AE211F0035C5C5 /* OpenGLHelloWorld.entitlements */,
			);
			path = OpenGLHelloWorld;
			sourceTree = "<group>";
		};
		24661436E00BB6B9DD703B87 /* Pods */ = {
			isa = PBXGroup;
			children = (
				6AD614385B9AC9E9AAC53E08 /* Pods-OpenGLHelloWorld.debug.xcconfig */,
				A7FCAA45564A6FB475A11119 /* Pods-OpenGLHelloWorld.release.xcconfig */,
			);
			path = Pods;
			sourceTree = "<group>";
		};
		3BB48A5F2E8CC344C7594B0B /* Frameworks */ = {
			isa = PBXGroup;
			children = (
				D528E61E98188E00818FE546 /* Pods_OpenGLHelloWorld.framework */,
			);
			name = Frameworks;
			sourceTree = "<group>";
		};
/* End PBXGroup section */

/* Begin PBXNativeTarget section */
		22ED521C24AE211D0035C5C5 /* OpenGLHelloWorld */ = {
			isa = PBXNativeTarget;
			buildConfigurationList = 22ED523124AE211F0035C5C5 /* Build configuration list for PBXNativeTarget "OpenGLHelloWorld" */;
			buildPhases = (
				0BD5B03DCFEA15E01BDFFED5 /* [CP] Check Pods Manifest.lock */,
				22ED521924AE211D0035C5C5 /* Sources */,
				22ED521A24AE211D0035C5C5 /* Frameworks */,
				22ED521B24AE211D0035C5C5 /* Resources */,
			);
			buildRules = (
			);
			dependencies = (
			);
			name = OpenGLHelloWorld;
			productName = OpenGLHelloWorld;
			productReference = 22ED521D24AE211D0035C5C5 /* OpenGLHelloWorld.app */;
			productType = "com.apple.product-type.application";
		};
/* End PBXNativeTarget section */

/* Begin PBXProject section */
		22ED521524AE211D0035C5C5 /* Project object */ = {
			isa = PBXProject;
			attributes = {
				LastUpgradeCheck = 1150;
				ORGANIZATIONNAME = "Charles Mac Pro";
				TargetAttributes = {
					22ED521C24AE211D0035C5C5 = {
						CreatedOnToolsVersion = 11.5;
					};
				};
			};
			buildConfigurationList = 22ED521824AE211D0035C5C5 /* Build configuration list for PBXProject "OpenGLHelloWorld" */;
			compatibilityVersion = "Xcode 9.3";
			developmentRegion = en;
			hasScannedForEncodings = 0;
			knownRegions = (
				en,
				Base,
			);
			mainGroup = 22ED521424AE211D0035C5C5;
			productRefGroup = 22ED521E24AE211D0035C5C5 /* Products */;
			projectDirPath = "";
			projectRoot = "";
			targets = (
				22ED521C24AE211D0035C5C5 /* OpenGLHelloWorld */,
			);
		};
/* End PBXProject section */

/* Begin PBXResourcesBuildPhase section */
		22ED521B24AE211D0035C5C5 /* Resources */ = {
			isa = PBXResourcesBuildPhase;
			buildActionMask = 2147483647;
			files = (
				22ED522724AE211F0035C5C5 /* Assets.xcassets in Resources */,
			);
			runOnlyForDeploymentPostprocessing = 0;
		};
/* End PBXResourcesBuildPhase section */

/* Begin PBXShellScriptBuildPhase section */
		0BD5B03DCFEA15E01BDFFED5 /* [CP] Check Pods Manifest.lock */ = {
			isa = PBXShellScriptBuildPhase;
			buildActionMask = 2147483647;
			files = (
			);
			inputFileListPaths = (
			);
			inputPaths = (
				"${PODS_PODFILE_DIR_PATH}/Podfile.lock",
				"${PODS_ROOT}/Manifest.lock",
			);
			name = "[CP] Check Pods Manifest.lock";
			outputFileListPaths = (
			);
			outputPaths = (
				"$(DERIVED_FILE_DIR)/Pods-OpenGLHelloWorld-checkManifestLockResult.txt",
			);
			runOnlyForDeploymentPostprocessing = 0;
			shellPath = /bin/sh;
			shellScript = "diff \"${PODS_PODFILE_DIR_PATH}/Podfile.lock\" \"${PODS_ROOT}/Manifest.lock\" > /dev/null\nif [ $? != 0 ] ; then\n    # print error to STDERR\n    echo \"error: The sandbox is not in sync with the Podfile.lock. Run 'pod install' or update your CocoaPods installation.\" >&2\n    exit 1\nfi\n# This output is used by Xcode 'outputs' to avoid re-running this script phase.\necho \"SUCCESS\" > \"${SCRIPT_OUTPUT_FILE_0}\"\n";
			showEnvVarsInLog = 0;
		};
/* End PBXShellScriptBuildPhase section */

/* Begin PBXSourcesBuildPhase section */
		22ED521924AE211D0035C5C5 /* Sources */ = {
			isa = PBXSourcesBuildPhase;
			buildActionMask = 2147483647;
			files = (
				22ED523524AE21C60035C5C5 /* Main.cpp in Sources */,
			);
			runOnlyForDeploymentPostprocessing = 0;
		};
/* End PBXSourcesBuildPhase section */

/* Begin XCBuildConfiguration section */
		22ED522F24AE211F0035C5C5 /* Debug */ = {
			isa = XCBuildConfiguration;
			buildSettings = {
				ALWAYS_SEARCH_USER_PATHS = NO;
				CLANG_ANALYZER_NONNULL = YES;
				CLANG_ANALYZER_NUMBER_OBJECT_CONVERSION = YES_AGGRESSIVE;
				CLANG_CXX_LANGUAGE_STANDARD = "gnu++14";
				CLANG_CXX_LIBRARY = "libc++";
				CLANG_ENABLE_MODULES = YES;
				CLANG_ENABLE_OBJC_ARC = YES;
				CLANG_ENABLE_OBJC_WEAK = YES;
				CLANG_WARN_BLOCK_CAPTURE_AUTORELEASING = YES;
				CLANG_WARN_BOOL_CONVERSION = YES;
				CLANG_WARN_COMMA = YES;
				CLANG_WARN_CONSTANT_CONVERSION = YES;
				CLANG_WARN_DEPRECATED_OBJC_IMPLEMENTATIONS = YES;
				CLANG_WARN_DIRECT_OBJC_ISA_USAGE = YES_ERROR;
				CLANG_WARN_DOCUMENTATION_COMMENTS = YES;
				CLANG_WARN_EMPTY_BODY = YES;
				CLANG_WARN_ENUM_CONVERSION = YES;
				CLANG_WARN_INFINITE_RECURSION = YES;
				CLANG_WARN_INT_CONVERSION = YES;
				CLANG_WARN_NON_LITERAL_NULL_CONVERSION = YES;
				CLANG_WARN_OBJC_IMPLICIT_RETAIN_SELF = YES;
				CLANG_WARN_OBJC_LITERAL_CONVERSION = YES;
				CLANG_WARN_OBJC_ROOT_CLASS = YES_ERROR;
				CLANG_WARN_RANGE_LOOP_ANALYSIS = YES;
				CLANG_WARN_STRICT_PROTOTYPES = YES;
				CLANG_WARN_SUSPICIOUS_MOVE = YES;
				CLANG_WARN_UNGUARDED_AVAILABILITY = YES_AGGRESSIVE;
				CLANG_WARN_UNREACHABLE_CODE = YES;
				CLANG_WARN__DUPLICATE_METHOD_MATCH = YES;
				COPY_PHASE_STRIP = NO;
				DEBUG_INFORMATION_FORMAT = dwarf;
				ENABLE_STRICT_OBJC_MSGSEND = YES;
				ENABLE_TESTABILITY = YES;
				GCC_C_LANGUAGE_STANDARD = gnu11;
				GCC_DYNAMIC_NO_PIC = NO;
				GCC_NO_COMMON_BLOCKS = YES;
				GCC_OPTIMIZATION_LEVEL = 0;
				GCC_PREPROCESSOR_DEFINITIONS = (
					"DEBUG=1",
					"$(inherited)",
				);
				GCC_WARN_64_TO_32_BIT_CONVERSION = YES;
				GCC_WARN_ABOUT_RETURN_TYPE = YES_ERROR;
				GCC_WARN_UNDECLARED_SELECTOR = YES;
				GCC_WARN_UNINITIALIZED_AUTOS = YES_AGGRESSIVE;
				GCC_WARN_UNUSED_FUNCTION = YES;
				GCC_WARN_UNUSED_VARIABLE = YES;
				MACOSX_DEPLOYMENT_TARGET = 10.15;
				MTL_ENABLE_DEBUG_INFO = INCLUDE_SOURCE;
				MTL_FAST_MATH = YES;
				ONLY_ACTIVE_ARCH = YES;
				SDKROOT = macosx;
			};
			name = Debug;
		};
		22ED523024AE211F0035C5C5 /* Release */ = {
			isa = XCBuildConfiguration;
			buildSettings = {
				ALWAYS_SEARCH_USER_PATHS = NO;
				CLANG_ANALYZER_NONNULL = YES;
				CLANG_ANALYZER_NUMBER_OBJECT_CONVERSION = YES_AGGRESSIVE;
				CLANG_CXX_LANGUAGE_STANDARD = "gnu++14";
				CLANG_CXX_LIBRARY = "libc++";
				CLANG_ENABLE_MODULES = YES;
				CLANG_ENABLE_OBJC_ARC = YES;
				CLANG_ENABLE_OBJC_WEAK = YES;
				CLANG_WARN_BLOCK_CAPTURE_AUTORELEASING = YES;
				CLANG_WARN_BOOL_CONVERSION = YES;
				CLANG_WARN_COMMA = YES;
				CLANG_WARN_CONSTANT_CONVERSION = YES;
				CLANG_WARN_DEPRECATED_OBJC_IMPLEMENTATIONS = YES;
				CLANG_WARN_DIRECT_OBJC_ISA_USAGE = YES_ERROR;
				CLANG_WARN_DOCUMENTATION_COMMENTS = YES;
				CLANG_WARN_EMPTY_BODY = YES;
				CLANG_WARN_ENUM_CONVERSION = YES;
				CLANG_WARN_INFINITE_RECURSION = YES;
				CLANG_WARN_INT_CONVERSION = YES;
				CLANG_WARN_NON_LITERAL_NULL_CONVERSION = YES;
				CLANG_WARN_OBJC_IMPLICIT_RETAIN_SELF = YES;
				CLANG_WARN_OBJC_LITERAL_CONVERSION = YES;
				CLANG_WARN_OBJC_ROOT_CLASS = YES_ERROR;
				CLANG_WARN_RANGE_LOOP_ANALYSIS = YES;
				CLANG_WARN_STRICT_PROTOTYPES = YES;
				CLANG_WARN_SUSPICIOUS_MOVE = YES;
				CLANG_WARN_UNGUARDED_AVAILABILITY = YES_AGGRESSIVE;
				CLANG_WARN_UNREACHABLE_CODE = YES;
				CLANG_WARN__DUPLICATE_METHOD_MATCH = YES;
				COPY_PHASE_STRIP = NO;
				DEBUG_INFORMATION_FORMAT = "dwarf-with-dsym";
				ENABLE_NS_ASSERTIONS = NO;
				ENABLE_STRICT_OBJC_MSGSEND = YES;
				GCC_C_LANGUAGE_STANDARD = gnu11;
				GCC_NO_COMMON_BLOCKS = YES;
				GCC_WARN_64_TO_32_BIT_CONVERSION = YES;
				GCC_WARN_ABOUT_RETURN_TYPE = YES_ERROR;
				GCC_WARN_UNDECLARED_SELECTOR = YES;
				GCC_WARN_UNINITIALIZED_AUTOS = YES_AGGRESSIVE;
				GCC_WARN_UNUSED_FUNCTION = YES;
				GCC_WARN_UNUSED_VARIABLE = YES;
				MACOSX_DEPLOYMENT_TARGET = 10.15;
				MTL_ENABLE_DEBUG_INFO = NO;
				MTL_FAST_MATH = YES;
				SDKROOT = macosx;
			};
			name = Release;
		};
		22ED523224AE211F0035C5C5 /* Debug */ = {
			isa = XCBuildConfiguration;
			baseConfigurationReference = 6AD614385B9AC9E9AAC53E08 /* Pods-OpenGLHelloWorld.debug.xcconfig */;
			buildSettings = {
				ASSETCATALOG_COMPILER_APPICON_NAME = AppIcon;
				CODE_SIGN_ENTITLEMENTS = OpenGLHelloWorld/OpenGLHelloWorld.entitlements;
				CODE_SIGN_STYLE = Automatic;
				COMBINE_HIDPI_IMAGES = YES;
				DEVELOPMENT_TEAM = GURSNXXGQK;
				ENABLE_HARDENED_RUNTIME = YES;
				GCC_WARN_ABOUT_DEPRECATED_FUNCTIONS = NO;
				INFOPLIST_FILE = OpenGLHelloWorld/Info.plist;
				LD_RUNPATH_SEARCH_PATHS = (
					"$(inherited)",
					"@executable_path/../Frameworks",
				);
				PRODUCT_BUNDLE_IDENTIFIER = CharlesCanpany.OpenGLHelloWorld;
				PRODUCT_NAME = "$(TARGET_NAME)";
			};
			name = Debug;
		};
		22ED523324AE211F0035C5C5 /* Release */ = {
			isa = XCBuildConfiguration;
			baseConfigurationReference = A7FCAA45564A6FB475A11119 /* Pods-OpenGLHelloWorld.release.xcconfig */;
			buildSettings = {
				ASSETCATALOG_COMPILER_APPICON_NAME = AppIcon;
				CODE_SIGN_ENTITLEMENTS = OpenGLHelloWorld/OpenGLHelloWorld.entitlements;
				CODE_SIGN_STYLE = Automatic;
				COMBINE_HIDPI_IMAGES = YES;
				DEVELOPMENT_TEAM = GURSNXXGQK;
				ENABLE_HARDENED_RUNTIME = YES;
				GCC_WARN_ABOUT_DEPRECATED_FUNCTIONS = NO;
				INFOPLIST_FILE = OpenGLHelloWorld/Info.plist;
				LD_RUNPATH_SEARCH_PATHS = (
					"$(inherited)",
					"@executable_path/../Frameworks",
				);
				PRODUCT_BUNDLE_IDENTIFIER = CharlesCanpany.OpenGLHelloWorld;
				PRODUCT_NAME = "$(TARGET_NAME)";
			};
			name = Release;
		};
/* End XCBuildConfiguration section */

/* Begin XCConfigurationList section */
		22ED521824AE211D0035C5C5 /* Build configuration list for PBXProject "OpenGLHelloWorld" */ = {
			isa = XCConfigurationList;
			buildConfigurations = (
				22ED522F24AE211F0035C5C5 /* Debug */,
				22ED523024AE211F0035C5C5 /* Release */,
			);
			defaultConfigurationIsVisible = 0;
			defaultConfigurationName = Release;
		};
		22ED523124AE211F0035C5C5 /* Build configuration list for PBXNativeTarget "OpenGLHelloWorld" */ = {
			isa = XCConfigurationList;
			buildConfigurations = (
				22ED523224AE211F0035C5C5 /* Debug */,
				22ED523324AE211F0035C5C5 /* Release */,
			);
			defaultConfigurationIsVisible = 0;
			defaultConfigurationName = Release;
		};
/* End XCConfigurationList section */
	};
	rootObject = 22ED521524AE211D0035C5C5 /* Project object */;
}
